// !$*UTF8*$!
{
	archiveVersion = 1;
	classes = {
	};
	objectVersion = 56;
	objects = {

/* Begin PBXBuildFile section */
		DE22872B2CB670A10017D93B /* .gitignore in Resources */ = {isa = PBXBuildFile; fileRef = DE22872A2CB670820017D93B /* .gitignore */; };
		DE66289B2CAA8D2200D0A870 /* CoreDataHelper.swift in Sources */ = {isa = PBXBuildFile; fileRef = DE66289A2CAA8D2200D0A870 /* CoreDataHelper.swift */; };
		DE66289F2CAA936800D0A870 /* CustomTableViewCell.xib in Resources */ = {isa = PBXBuildFile; fileRef = DE66289E2CAA936800D0A870 /* CustomTableViewCell.xib */; };
		DE6628A02CAA936800D0A870 /* CustomTableViewCell.swift in Sources */ = {isa = PBXBuildFile; fileRef = DE66289D2CAA936800D0A870 /* CustomTableViewCell.swift */; };
		DEB507912CA6BF6200C19859 /* AppDelegate.swift in Sources */ = {isa = PBXBuildFile; fileRef = DEB507902CA6BF6200C19859 /* AppDelegate.swift */; };
		DEB507932CA6BF6200C19859 /* SceneDelegate.swift in Sources */ = {isa = PBXBuildFile; fileRef = DEB507922CA6BF6200C19859 /* SceneDelegate.swift */; };
		DEB507952CA6BF6200C19859 /* ViewController.swift in Sources */ = {isa = PBXBuildFile; fileRef = DEB507942CA6BF6200C19859 /* ViewController.swift */; };
		DEB507982CA6BF6200C19859 /* Base in Resources */ = {isa = PBXBuildFile; fileRef = DEB507972CA6BF6200C19859 /* Base */; };
		DEB5079B2CA6BF6200C19859 /* todoApp.xcdatamodeld in Sources */ = {isa = PBXBuildFile; fileRef = DEB507992CA6BF6200C19859 /* todoApp.xcdatamodeld */; };
		DEB5079D2CA6BF6400C19859 /* Assets.xcassets in Resources */ = {isa = PBXBuildFile; fileRef = DEB5079C2CA6BF6400C19859 /* Assets.xcassets */; };
		DEB507A02CA6BF6400C19859 /* Base in Resources */ = {isa = PBXBuildFile; fileRef = DEB5079F2CA6BF6400C19859 /* Base */; };
		DEB507AE2CA6C1E400C19859 /* TodoItem+CoreDataClass.swift in Sources */ = {isa = PBXBuildFile; fileRef = DEB507AC2CA6C1E400C19859 /* TodoItem+CoreDataClass.swift */; };
		DEB507AF2CA6C1E400C19859 /* TodoItem+CoreDataProperties.swift in Sources */ = {isa = PBXBuildFile; fileRef = DEB507AD2CA6C1E400C19859 /* TodoItem+CoreDataProperties.swift */; };
/* End PBXBuildFile section */

/* Begin PBXFileReference section */
		DE22872A2CB670820017D93B /* .gitignore */ = {isa = PBXFileReference; lastKnownFileType = text; path = .gitignore; sourceTree = "<group>"; };
		DE66289A2CAA8D2200D0A870 /* CoreDataHelper.swift */ = {isa = PBXFileReference; lastKnownFileType = sourcecode.swift; path = CoreDataHelper.swift; sourceTree = "<group>"; };
		DE66289D2CAA936800D0A870 /* CustomTableViewCell.swift */ = {isa = PBXFileReference; lastKnownFileType = sourcecode.swift; path = CustomTableViewCell.swift; sourceTree = "<group>"; };
		DE66289E2CAA936800D0A870 /* CustomTableViewCell.xib */ = {isa = PBXFileReference; lastKnownFileType = file.xib; path = CustomTableViewCell.xib; sourceTree = "<group>"; };
		DEB5078D2CA6BF6200C19859 /* todoApp.app */ = {isa = PBXFileReference; explicitFileType = wrapper.application; includeInIndex = 0; path = todoApp.app; sourceTree = BUILT_PRODUCTS_DIR; };
		DEB507902CA6BF6200C19859 /* AppDelegate.swift */ = {isa = PBXFileReference; lastKnownFileType = sourcecode.swift; path = AppDelegate.swift; sourceTree = "<group>"; };
		DEB507922CA6BF6200C19859 /* SceneDelegate.swift */ = {isa = PBXFileReference; lastKnownFileType = sourcecode.swift; path = SceneDelegate.swift; sourceTree = "<group>"; };
		DEB507942CA6BF6200C19859 /* ViewController.swift */ = {isa = PBXFileReference; lastKnownFileType = sourcecode.swift; path = ViewController.swift; sourceTree = "<group>"; };
		DEB507972CA6BF6200C19859 /* Base */ = {isa = PBXFileReference; lastKnownFileType = file.storyboard; name = Base; path = Base.lproj/Main.storyboard; sourceTree = "<group>"; };
		DEB5079A2CA6BF6200C19859 /* todoApp.xcdatamodel */ = {isa = PBXFileReference; lastKnownFileType = wrapper.xcdatamodel; path = todoApp.xcdatamodel; sourceTree = "<group>"; };
		DEB5079C2CA6BF6400C19859 /* Assets.xcassets */ = {isa = PBXFileReference; lastKnownFileType = folder.assetcatalog; path = Assets.xcassets; sourceTree = "<group>"; };
		DEB5079F2CA6BF6400C19859 /* Base */ = {isa = PBXFileReference; lastKnownFileType = file.storyboard; name = Base; path = Base.lproj/LaunchScreen.storyboard; sourceTree = "<group>"; };
		DEB507A12CA6BF6400C19859 /* Info.plist */ = {isa = PBXFileReference; lastKnownFileType = text.plist.xml; path = Info.plist; sourceTree = "<group>"; };
		DEB507AC2CA6C1E400C19859 /* TodoItem+CoreDataClass.swift */ = {isa = PBXFileReference; lastKnownFileType = sourcecode.swift; path = "TodoItem+CoreDataClass.swift"; sourceTree = "<group>"; };
		DEB507AD2CA6C1E400C19859 /* TodoItem+CoreDataProperties.swift */ = {isa = PBXFileReference; lastKnownFileType = sourcecode.swift; path = "TodoItem+CoreDataProperties.swift"; sourceTree = "<group>"; };
/* End PBXFileReference section */

/* Begin PBXFrameworksBuildPhase section */
		DEB5078A2CA6BF6200C19859 /* Frameworks */ = {
			isa = PBXFrameworksBuildPhase;
			buildActionMask = 2147483647;
			files = (
			);
			runOnlyForDeploymentPostprocessing = 0;
		};
/* End PBXFrameworksBuildPhase section */

/* Begin PBXGroup section */
		DE6628992CAA8CFD00D0A870 /* CoreData */ = {
			isa = PBXGroup;
			children = (
				DE66289A2CAA8D2200D0A870 /* CoreDataHelper.swift */,
			);
			path = CoreData;
			sourceTree = "<group>";
		};
		DE66289C2CAA934800D0A870 /* CustomCell */ = {
			isa = PBXGroup;
			children = (
				DE66289D2CAA936800D0A870 /* CustomTableViewCell.swift */,
				DE66289E2CAA936800D0A870 /* CustomTableViewCell.xib */,
			);
			path = CustomCell;
			sourceTree = "<group>";
		};
		DEB507842CA6BF6200C19859 = {
			isa = PBXGroup;
			children = (
				DEB5078F2CA6BF6200C19859 /* todoApp */,
				DEB5078E2CA6BF6200C19859 /* Products */,
			);
			sourceTree = "<group>";
		};
		DEB5078E2CA6BF6200C19859 /* Products */ = {
			isa = PBXGroup;
			children = (
				DEB5078D2CA6BF6200C19859 /* todoApp.app */,
			);
			name = Products;
			sourceTree = "<group>";
		};
		DEB5078F2CA6BF6200C19859 /* todoApp */ = {
			isa = PBXGroup;
			children = (
				DE22872A2CB670820017D93B /* .gitignore */,
				DEB507902CA6BF6200C19859 /* AppDelegate.swift */,
				DEB507922CA6BF6200C19859 /* SceneDelegate.swift */,
				DE6628992CAA8CFD00D0A870 /* CoreData */,
				DEB507B02CA6C1EA00C19859 /* Model */,
				DEB507942CA6BF6200C19859 /* ViewController.swift */,
				DE66289C2CAA934800D0A870 /* CustomCell */,
				DEB507962CA6BF6200C19859 /* Main.storyboard */,
				DEB5079C2CA6BF6400C19859 /* Assets.xcassets */,
				DEB5079E2CA6BF6400C19859 /* LaunchScreen.storyboard */,
				DEB507A12CA6BF6400C19859 /* Info.plist */,
				DEB507992CA6BF6200C19859 /* todoApp.xcdatamodeld */,
			);
			path = todoApp;
			sourceTree = "<group>";
		};
		DEB507B02CA6C1EA00C19859 /* Model */ = {
			isa = PBXGroup;
			children = (
				DEB507AC2CA6C1E400C19859 /* TodoItem+CoreDataClass.swift */,
				DEB507AD2CA6C1E400C19859 /* TodoItem+CoreDataProperties.swift */,
			);
			path = Model;
			sourceTree = "<group>";
		};
/* End PBXGroup section */

/* Begin PBXNativeTarget section */
		DEB5078C2CA6BF6200C19859 /* todoApp */ = {
			isa = PBXNativeTarget;
			buildConfigurationList = DEB507A42CA6BF6400C19859 /* Build configuration list for PBXNativeTarget "todoApp" */;
			buildPhases = (
				DEB507892CA6BF6200C19859 /* Sources */,
				DEB5078A2CA6BF6200C19859 /* Frameworks */,
				DEB5078B2CA6BF6200C19859 /* Resources */,
			);
			buildRules = (
			);
			dependencies = (
			);
			name = todoApp;
			productName = todoApp;
			productReference = DEB5078D2CA6BF6200C19859 /* todoApp.app */;
			productType = "com.apple.product-type.application";
		};
/* End PBXNativeTarget section */

/* Begin PBXProject section */
		DEB507852CA6BF6200C19859 /* Project object */ = {
			isa = PBXProject;
			attributes = {
				BuildIndependentTargetsInParallel = 1;
				LastSwiftUpdateCheck = 1540;
				LastUpgradeCheck = 1540;
				TargetAttributes = {
					DEB5078C2CA6BF6200C19859 = {
						CreatedOnToolsVersion = 15.4;
					};
				};
			};
			buildConfigurationList = DEB507882CA6BF6200C19859 /* Build configuration list for PBXProject "todoApp" */;
			compatibilityVersion = "Xcode 14.0";
			developmentRegion = en;
			hasScannedForEncodings = 0;
			knownRegions = (
				en,
				Base,
			);
			mainGroup = DEB507842CA6BF6200C19859;
			productRefGroup = DEB5078E2CA6BF6200C19859 /* Products */;
			projectDirPath = "";
			projectRoot = "";
			targets = (
				DEB5078C2CA6BF6200C19859 /* todoApp */,
			);
		};
/* End PBXProject section */

/* Begin PBXResourcesBuildPhase section */
		DEB5078B2CA6BF6200C19859 /* Resources */ = {
			isa = PBXResourcesBuildPhase;
			buildActionMask = 2147483647;
			files = (
				DE22872B2CB670A10017D93B /* .gitignore in Resources */,
				DEB5079D2CA6BF6400C19859 /* Assets.xcassets in Resources */,
				DEB507A02CA6BF6400C19859 /* Base in Resources */,
				DE66289F2CAA936800D0A870 /* CustomTableViewCell.xib in Resources */,
				DEB507982CA6BF6200C19859 /* Base in Resources */,
			);
			runOnlyForDeploymentPostprocessing = 0;
		};
/* End PBXResourcesBuildPhase section */

/* Begin PBXSourcesBuildPhase section */
		DEB507892CA6BF6200C19859 /* Sources */ = {
			isa = PBXSourcesBuildPhase;
			buildActionMask = 2147483647;
			files = (
				DEB507952CA6BF6200C19859 /* ViewController.swift in Sources */,
				DEB507912CA6BF6200C19859 /* AppDelegate.swift in Sources */,
				DE6628A02CAA936800D0A870 /* CustomTableViewCell.swift in Sources */,
				DEB507932CA6BF6200C19859 /* SceneDelegate.swift in Sources */,
				DE66289B2CAA8D2200D0A870 /* CoreDataHelper.swift in Sources */,
				DEB507AE2CA6C1E400C19859 /* TodoItem+CoreDataClass.swift in Sources */,
				DEB507AF2CA6C1E400C19859 /* TodoItem+CoreDataProperties.swift in Sources */,
				DEB5079B2CA6BF6200C19859 /* todoApp.xcdatamodeld in Sources */,
			);
			runOnlyForDeploymentPostprocessing = 0;
		};
/* End PBXSourcesBuildPhase section */

/* Begin PBXVariantGroup section */
		DEB507962CA6BF6200C19859 /* Main.storyboard */ = {
			isa = PBXVariantGroup;
			children = (
				DEB507972CA6BF6200C19859 /* Base */,
			);
			name = Main.storyboard;
			sourceTree = "<group>";
		};
		DEB5079E2CA6BF6400C19859 /* LaunchScreen.storyboard */ = {
			isa = PBXVariantGroup;
			children = (
				DEB5079F2CA6BF6400C19859 /* Base */,
			);
			name = LaunchScreen.storyboard;
			sourceTree = "<group>";
		};
/* End PBXVariantGroup section */

/* Begin XCBuildConfiguration section */
		DEB507A22CA6BF6400C19859 /* Debug */ = {
			isa = XCBuildConfiguration;
			buildSettings = {
				ALWAYS_SEARCH_USER_PATHS = NO;
				ASSETCATALOG_COMPILER_GENERATE_SWIFT_ASSET_SYMBOL_EXTENSIONS = YES;
				CLANG_ANALYZER_NONNULL = YES;
				CLANG_ANALYZER_NUMBER_OBJECT_CONVERSION = YES_AGGRESSIVE;
				CLANG_CXX_LANGUAGE_STANDARD = "gnu++20";
				CLANG_ENABLE_MODULES = YES;
				CLANG_ENABLE_OBJC_ARC = YES;
				CLANG_ENABLE_OBJC_WEAK = YES;
				CLANG_WARN_BLOCK_CAPTURE_AUTORELEASING = YES;
				CLANG_WARN_BOOL_CONVERSION = YES;
				CLANG_WARN_COMMA = YES;
				CLANG_WARN_CONSTANT_CONVERSION = YES;
				CLANG_WARN_DEPRECATED_OBJC_IMPLEMENTATIONS = YES;
				CLANG_WARN_DIRECT_OBJC_ISA_USAGE = YES_ERROR;
				CLANG_WARN_DOCUMENTATION_COMMENTS = YES;
				CLANG_WARN_EMPTY_BODY = YES;
				CLANG_WARN_ENUM_CONVERSION = YES;
				CLANG_WARN_INFINITE_RECURSION = YES;
				CLANG_WARN_INT_CONVERSION = YES;
				CLANG_WARN_NON_LITERAL_NULL_CONVERSION = YES;
				CLANG_WARN_OBJC_IMPLICIT_RETAIN_SELF = YES;
				CLANG_WARN_OBJC_LITERAL_CONVERSION = YES;
				CLANG_WARN_OBJC_ROOT_CLASS = YES_ERROR;
				CLANG_WARN_QUOTED_INCLUDE_IN_FRAMEWORK_HEADER = YES;
				CLANG_WARN_RANGE_LOOP_ANALYSIS = YES;
				CLANG_WARN_STRICT_PROTOTYPES = YES;
				CLANG_WARN_SUSPICIOUS_MOVE = YES;
				CLANG_WARN_UNGUARDED_AVAILABILITY = YES_AGGRESSIVE;
				CLANG_WARN_UNREACHABLE_CODE = YES;
				CLANG_WARN__DUPLICATE_METHOD_MATCH = YES;
				COPY_PHASE_STRIP = NO;
				DEBUG_INFORMATION_FORMAT = dwarf;
				ENABLE_STRICT_OBJC_MSGSEND = YES;
				ENABLE_TESTABILITY = YES;
				ENABLE_USER_SCRIPT_SANDBOXING = YES;
				GCC_C_LANGUAGE_STANDARD = gnu17;
				GCC_DYNAMIC_NO_PIC = NO;
				GCC_NO_COMMON_BLOCKS = YES;
				GCC_OPTIMIZATION_LEVEL = 0;
				GCC_PREPROCESSOR_DEFINITIONS = (
					"DEBUG=1",
					"$(inherited)",
				);
				GCC_WARN_64_TO_32_BIT_CONVERSION = YES;
				GCC_WARN_ABOUT_RETURN_TYPE = YES_ERROR;
				GCC_WARN_UNDECLARED_SELECTOR = YES;
				GCC_WARN_UNINITIALIZED_AUTOS = YES_AGGRESSIVE;
				GCC_WARN_UNUSED_FUNCTION = YES;
				GCC_WARN_UNUSED_VARIABLE = YES;
				IPHONEOS_DEPLOYMENT_TARGET = 17.5;
				LOCALIZATION_PREFERS_STRING_CATALOGS = YES;
				MTL_ENABLE_DEBUG_INFO = INCLUDE_SOURCE;
				MTL_FAST_MATH = YES;
				ONLY_ACTIVE_ARCH = YES;
				SDKROOT = iphoneos;
				SWIFT_ACTIVE_COMPILATION_CONDITIONS = "DEBUG $(inherited)";
				SWIFT_OPTIMIZATION_LEVEL = "-Onone";
			};
			name = Debug;
		};
		DEB507A32CA6BF6400C19859 /* Release */ = {
			isa = XCBuildConfiguration;
			buildSettings = {
				ALWAYS_SEARCH_USER_PATHS = NO;
				ASSETCATALOG_COMPILER_GENERATE_SWIFT_ASSET_SYMBOL_EXTENSIONS = YES;
				CLANG_ANALYZER_NONNULL = YES;
				CLANG_ANALYZER_NUMBER_OBJECT_CONVERSION = YES_AGGRESSIVE;
				CLANG_CXX_LANGUAGE_STANDARD = "gnu++20";
				CLANG_ENABLE_MODULES = YES;
				CLANG_ENABLE_OBJC_ARC = YES;
				CLANG_ENABLE_OBJC_WEAK = YES;
				CLANG_WARN_BLOCK_CAPTURE_AUTORELEASING = YES;
				CLANG_WARN_BOOL_CONVERSION = YES;
				CLANG_WARN_COMMA = YES;
				CLANG_WARN_CONSTANT_CONVERSION = YES;
				CLANG_WARN_DEPRECATED_OBJC_IMPLEMENTATIONS = YES;
				CLANG_WARN_DIRECT_OBJC_ISA_USAGE = YES_ERROR;
				CLANG_WARN_DOCUMENTATION_COMMENTS = YES;
				CLANG_WARN_EMPTY_BODY = YES;
				CLANG_WARN_ENUM_CONVERSION = YES;
				CLANG_WARN_INFINITE_RECURSION = YES;
				CLANG_WARN_INT_CONVERSION = YES;
				CLANG_WARN_NON_LITERAL_NULL_CONVERSION = YES;
				CLANG_WARN_OBJC_IMPLICIT_RETAIN_SELF = YES;
				CLANG_WARN_OBJC_LITERAL_CONVERSION = YES;
				CLANG_WARN_OBJC_ROOT_CLASS = YES_ERROR;
				CLANG_WARN_QUOTED_INCLUDE_IN_FRAMEWORK_HEADER = YES;
				CLANG_WARN_RANGE_LOOP_ANALYSIS = YES;
				CLANG_WARN_STRICT_PROTOTYPES = YES;
				CLANG_WARN_SUSPICIOUS_MOVE = YES;
				CLANG_WARN_UNGUARDED_AVAILABILITY = YES_AGGRESSIVE;
				CLANG_WARN_UNREACHABLE_CODE = YES;
				CLANG_WARN__DUPLICATE_METHOD_MATCH = YES;
				COPY_PHASE_STRIP = NO;
				DEBUG_INFORMATION_FORMAT = "dwarf-with-dsym";
				ENABLE_NS_ASSERTIONS = NO;
				ENABLE_STRICT_OBJC_MSGSEND = YES;
				ENABLE_USER_SCRIPT_SANDBOXING = YES;
				GCC_C_LANGUAGE_STANDARD = gnu17;
				GCC_NO_COMMON_BLOCKS = YES;
				GCC_WARN_64_TO_32_BIT_CONVERSION = YES;
				GCC_WARN_ABOUT_RETURN_TYPE = YES_ERROR;
				GCC_WARN_UNDECLARED_SELECTOR = YES;
				GCC_WARN_UNINITIALIZED_AUTOS = YES_AGGRESSIVE;
				GCC_WARN_UNUSED_FUNCTION = YES;
				GCC_WARN_UNUSED_VARIABLE = YES;
				IPHONEOS_DEPLOYMENT_TARGET = 17.5;
				LOCALIZATION_PREFERS_STRING_CATALOGS = YES;
				MTL_ENABLE_DEBUG_INFO = NO;
				MTL_FAST_MATH = YES;
				SDKROOT = iphoneos;
				SWIFT_COMPILATION_MODE = wholemodule;
				VALIDATE_PRODUCT = YES;
			};
			name = Release;
		};
		DEB507A52CA6BF6400C19859 /* Debug */ = {
			isa = XCBuildConfiguration;
			buildSettings = {
				ASSETCATALOG_COMPILER_APPICON_NAME = AppIcon;
				ASSETCATALOG_COMPILER_GLOBAL_ACCENT_COLOR_NAME = AccentColor;
				CODE_SIGN_STYLE = Automatic;
				CURRENT_PROJECT_VERSION = 1;
				GENERATE_INFOPLIST_FILE = YES;
				INFOPLIST_FILE = todoApp/Info.plist;
				INFOPLIST_KEY_UIApplicationSupportsIndirectInputEvents = YES;
				INFOPLIST_KEY_UILaunchStoryboardName = LaunchScreen;
				INFOPLIST_KEY_UIMainStoryboardFile = Main;
				INFOPLIST_KEY_UISupportedInterfaceOrientations_iPad = "UIInterfaceOrientationPortrait UIInterfaceOrientationPortraitUpsideDown UIInterfaceOrientationLandscapeLeft UIInterfaceOrientationLandscapeRight";
				INFOPLIST_KEY_UISupportedInterfaceOrientations_iPhone = "UIInterfaceOrientationPortrait UIInterfaceOrientationLandscapeLeft UIInterfaceOrientationLandscapeRight";
				LD_RUNPATH_SEARCH_PATHS = (
					"$(inherited)",
					"@executable_path/Frameworks",
				);
				MARKETING_VERSION = 1.0;
				PRODUCT_BUNDLE_IDENTIFIER = com.todoApp;
				PRODUCT_NAME = "$(TARGET_NAME)";
				SWIFT_EMIT_LOC_STRINGS = YES;
				SWIFT_VERSION = 5.0;
				TARGETED_DEVICE_FAMILY = "1,2";
			};
			name = Debug;
		};
		DEB507A62CA6BF6400C19859 /* Release */ = {
			isa = XCBuildConfiguration;
			buildSettings = {
				ASSETCATALOG_COMPILER_APPICON_NAME = AppIcon;
				ASSETCATALOG_COMPILER_GLOBAL_ACCENT_COLOR_NAME = AccentColor;
				CODE_SIGN_STYLE = Automatic;
				CURRENT_PROJECT_VERSION = 1;
				GENERATE_INFOPLIST_FILE = YES;
				INFOPLIST_FILE = todoApp/Info.plist;
				INFOPLIST_KEY_UIApplicationSupportsIndirectInputEvents = YES;
				INFOPLIST_KEY_UILaunchStoryboardName = LaunchScreen;
				INFOPLIST_KEY_UIMainStoryboardFile = Main;
				INFOPLIST_KEY_UISupportedInterfaceOrientations_iPad = "UIInterfaceOrientationPortrait UIInterfaceOrientationPortraitUpsideDown UIInterfaceOrientationLandscapeLeft UIInterfaceOrientationLandscapeRight";
				INFOPLIST_KEY_UISupportedInterfaceOrientations_iPhone = "UIInterfaceOrientationPortrait UIInterfaceOrientationLandscapeLeft UIInterfaceOrientationLandscapeRight";
				LD_RUNPATH_SEARCH_PATHS = (
					"$(inherited)",
					"@executable_path/Frameworks",
				);
				MARKETING_VERSION = 1.0;
				PRODUCT_BUNDLE_IDENTIFIER = com.todoApp;
				PRODUCT_NAME = "$(TARGET_NAME)";
				SWIFT_EMIT_LOC_STRINGS = YES;
				SWIFT_VERSION = 5.0;
				TARGETED_DEVICE_FAMILY = "1,2";
			};
			name = Release;
		};
/* End XCBuildConfiguration section */

/* Begin XCConfigurationList section */
		DEB507882CA6BF6200C19859 /* Build configuration list for PBXProject "todoApp" */ = {
			isa = XCConfigurationList;
			buildConfigurations = (
				DEB507A22CA6BF6400C19859 /* Debug */,
				DEB507A32CA6BF6400C19859 /* Release */,
			);
			defaultConfigurationIsVisible = 0;
			defaultConfigurationName = Release;
		};
		DEB507A42CA6BF6400C19859 /* Build configuration list for PBXNativeTarget "todoApp" */ = {
			isa = XCConfigurationList;
			buildConfigurations = (
				DEB507A52CA6BF6400C19859 /* Debug */,
				DEB507A62CA6BF6400C19859 /* Release */,
			);
			defaultConfigurationIsVisible = 0;
			defaultConfigurationName = Release;
		};
/* End XCConfigurationList section */

/* Begin XCVersionGroup section */
		DEB507992CA6BF6200C19859 /* todoApp.xcdatamodeld */ = {
			isa = XCVersionGroup;
			children = (
				DEB5079A2CA6BF6200C19859 /* todoApp.xcdatamodel */,
			);
			currentVersion = DEB5079A2CA6BF6200C19859 /* todoApp.xcdatamodel */;
			path = todoApp.xcdatamodeld;
			sourceTree = "<group>";
			versionGroupType = wrapper.xcdatamodel;
		};
/* End XCVersionGroup section */
	};
	rootObject = DEB507852CA6BF6200C19859 /* Project object */;
}
